// !$*UTF8*$!
{
	archiveVersion = 1;
	classes = {
	};
	objectVersion = 51;
	objects = {

/* Begin PBXBuildFile section */
		30198A3DE85528C0063DC26E /* Pods_FitStat.framework in Frameworks */ = {isa = PBXBuildFile; fileRef = F65B30C1AF665E867D4741DF /* Pods_FitStat.framework */; };
		786BE22A26D92D8C00A6070A /* StatListTableViewCell.swift in Sources */ = {isa = PBXBuildFile; fileRef = 786BE22826D92D8C00A6070A /* StatListTableViewCell.swift */; };
		786BE22B26D92D8C00A6070A /* StatListTableViewCell.xib in Resources */ = {isa = PBXBuildFile; fileRef = 786BE22926D92D8C00A6070A /* StatListTableViewCell.xib */; };
		786BE22D26D9379300A6070A /* ShowStatsViewController.swift in Sources */ = {isa = PBXBuildFile; fileRef = 786BE22C26D9379300A6070A /* ShowStatsViewController.swift */; };
		78872F0A270A0D45007BE672 /* FLineChartView.swift in Sources */ = {isa = PBXBuildFile; fileRef = 78872F09270A0D45007BE672 /* FLineChartView.swift */; };
		7894EAC6270836E400ADEF47 /* CheckUserViewController.swift in Sources */ = {isa = PBXBuildFile; fileRef = 7894EAC5270836E400ADEF47 /* CheckUserViewController.swift */; };
		7894EAEC27086A7100ADEF47 /* FitStat.xcdatamodeld in Sources */ = {isa = PBXBuildFile; fileRef = 7894EAEA27086A7100ADEF47 /* FitStat.xcdatamodeld */; };
		78986B9C270A431000377696 /* FLineChartView.xib in Resources */ = {isa = PBXBuildFile; fileRef = 78986B9B270A431000377696 /* FLineChartView.xib */; };
		78AADAA1270A1576004DAE79 /* CheckBoxView.swift in Sources */ = {isa = PBXBuildFile; fileRef = 78AADAA0270A1576004DAE79 /* CheckBoxView.swift */; };
		78AADAA3270A21D9004DAE79 /* XAxisFormatter.swift in Sources */ = {isa = PBXBuildFile; fileRef = 78AADAA2270A21D9004DAE79 /* XAxisFormatter.swift */; };
		78B0529927079EDD00F95D7C /* UserDetailsViewController.swift in Sources */ = {isa = PBXBuildFile; fileRef = 78B0529827079EDD00F95D7C /* UserDetailsViewController.swift */; };
		78B0529C2707A6A000F95D7C /* App.swift in Sources */ = {isa = PBXBuildFile; fileRef = 78B0529B2707A6A000F95D7C /* App.swift */; };
		78B0529F2707ADAE00F95D7C /* UsesUserDefault.swift in Sources */ = {isa = PBXBuildFile; fileRef = 78B0529E2707ADAE00F95D7C /* UsesUserDefault.swift */; };
		78BA0CD626D671FD00093DD8 /* AppDelegate.swift in Sources */ = {isa = PBXBuildFile; fileRef = 78BA0CD526D671FD00093DD8 /* AppDelegate.swift */; };
		78BA0CD826D671FD00093DD8 /* SceneDelegate.swift in Sources */ = {isa = PBXBuildFile; fileRef = 78BA0CD726D671FD00093DD8 /* SceneDelegate.swift */; };
		78BA0CDA26D671FD00093DD8 /* ViewController.swift in Sources */ = {isa = PBXBuildFile; fileRef = 78BA0CD926D671FD00093DD8 /* ViewController.swift */; };
		78BA0CDD26D671FD00093DD8 /* Main.storyboard in Resources */ = {isa = PBXBuildFile; fileRef = 78BA0CDB26D671FD00093DD8 /* Main.storyboard */; };
		78BA0CDF26D6720000093DD8 /* Assets.xcassets in Resources */ = {isa = PBXBuildFile; fileRef = 78BA0CDE26D6720000093DD8 /* Assets.xcassets */; };
		78BA0CE226D6720000093DD8 /* LaunchScreen.storyboard in Resources */ = {isa = PBXBuildFile; fileRef = 78BA0CE026D6720000093DD8 /* LaunchScreen.storyboard */; };
		78CD23DA270884CB00166490 /* CoreDataManager.swift in Sources */ = {isa = PBXBuildFile; fileRef = 78CD23D9270884CB00166490 /* CoreDataManager.swift */; };
		78DB1FEA26D72916001B0A5A /* Colors.xcassets in Resources */ = {isa = PBXBuildFile; fileRef = 78DB1FE926D72915001B0A5A /* Colors.xcassets */; };
		78DB1FEC26D7923D001B0A5A /* SettingsViewController.swift in Sources */ = {isa = PBXBuildFile; fileRef = 78DB1FEB26D7923D001B0A5A /* SettingsViewController.swift */; };
		78DB1FEE26D79255001B0A5A /* StatListViewController.swift in Sources */ = {isa = PBXBuildFile; fileRef = 78DB1FED26D79255001B0A5A /* StatListViewController.swift */; };
		78DB1FF026D7954A001B0A5A /* AddFoodViewController.swift in Sources */ = {isa = PBXBuildFile; fileRef = 78DB1FEF26D7954A001B0A5A /* AddFoodViewController.swift */; };
		78DB1FF226D7956F001B0A5A /* AddSleepViewController.swift in Sources */ = {isa = PBXBuildFile; fileRef = 78DB1FF126D7956F001B0A5A /* AddSleepViewController.swift */; };
		78DB1FF426D79617001B0A5A /* AddWorkoutViewController.swift in Sources */ = {isa = PBXBuildFile; fileRef = 78DB1FF326D79617001B0A5A /* AddWorkoutViewController.swift */; };
		78DB1FF626D79A0B001B0A5A /* AddWeightViewController.swift in Sources */ = {isa = PBXBuildFile; fileRef = 78DB1FF526D79A0B001B0A5A /* AddWeightViewController.swift */; };
		78DB1FF826D79A3C001B0A5A /* AddBodyMetricViewController.swift in Sources */ = {isa = PBXBuildFile; fileRef = 78DB1FF726D79A3C001B0A5A /* AddBodyMetricViewController.swift */; };
		78DB1FFA26D79A50001B0A5A /* AddMoodViewController.swift in Sources */ = {isa = PBXBuildFile; fileRef = 78DB1FF926D79A50001B0A5A /* AddMoodViewController.swift */; };
		78F0F2D426D7BAC60023B6B3 /* CheckBoxView.xib in Resources */ = {isa = PBXBuildFile; fileRef = 78F0F2D326D7BAC60023B6B3 /* CheckBoxView.xib */; };
/* End PBXBuildFile section */

/* Begin PBXFileReference section */
		6C045D5143B90B9E46895CF3 /* Pods-FitStat.release.xcconfig */ = {isa = PBXFileReference; includeInIndex = 1; lastKnownFileType = text.xcconfig; name = "Pods-FitStat.release.xcconfig"; path = "Target Support Files/Pods-FitStat/Pods-FitStat.release.xcconfig"; sourceTree = "<group>"; };
		786BE22826D92D8C00A6070A /* StatListTableViewCell.swift */ = {isa = PBXFileReference; lastKnownFileType = sourcecode.swift; path = StatListTableViewCell.swift; sourceTree = "<group>"; };
		786BE22926D92D8C00A6070A /* StatListTableViewCell.xib */ = {isa = PBXFileReference; lastKnownFileType = file.xib; path = StatListTableViewCell.xib; sourceTree = "<group>"; };
		786BE22C26D9379300A6070A /* ShowStatsViewController.swift */ = {isa = PBXFileReference; lastKnownFileType = sourcecode.swift; path = ShowStatsViewController.swift; sourceTree = "<group>"; };
		78872F09270A0D45007BE672 /* FLineChartView.swift */ = {isa = PBXFileReference; lastKnownFileType = sourcecode.swift; path = FLineChartView.swift; sourceTree = "<group>"; };
		7894EAC5270836E400ADEF47 /* CheckUserViewController.swift */ = {isa = PBXFileReference; lastKnownFileType = sourcecode.swift; path = CheckUserViewController.swift; sourceTree = "<group>"; };
		7894EAEB27086A7100ADEF47 /* FitStat.xcdatamodel */ = {isa = PBXFileReference; lastKnownFileType = wrapper.xcdatamodel; path = FitStat.xcdatamodel; sourceTree = "<group>"; };
		78986B9B270A431000377696 /* FLineChartView.xib */ = {isa = PBXFileReference; lastKnownFileType = file.xib; path = FLineChartView.xib; sourceTree = "<group>"; };
		78AADAA0270A1576004DAE79 /* CheckBoxView.swift */ = {isa = PBXFileReference; fileEncoding = 4; lastKnownFileType = sourcecode.swift; path = CheckBoxView.swift; sourceTree = "<group>"; };
		78AADAA2270A21D9004DAE79 /* XAxisFormatter.swift */ = {isa = PBXFileReference; lastKnownFileType = sourcecode.swift; path = XAxisFormatter.swift; sourceTree = "<group>"; };
		78B0529827079EDD00F95D7C /* UserDetailsViewController.swift */ = {isa = PBXFileReference; lastKnownFileType = sourcecode.swift; path = UserDetailsViewController.swift; sourceTree = "<group>"; };
		78B0529B2707A6A000F95D7C /* App.swift */ = {isa = PBXFileReference; lastKnownFileType = sourcecode.swift; path = App.swift; sourceTree = "<group>"; };
		78B0529E2707ADAE00F95D7C /* UsesUserDefault.swift */ = {isa = PBXFileReference; lastKnownFileType = sourcecode.swift; path = UsesUserDefault.swift; sourceTree = "<group>"; };
		78BA0CD226D671FD00093DD8 /* FitStat.app */ = {isa = PBXFileReference; explicitFileType = wrapper.application; includeInIndex = 0; path = FitStat.app; sourceTree = BUILT_PRODUCTS_DIR; };
		78BA0CD526D671FD00093DD8 /* AppDelegate.swift */ = {isa = PBXFileReference; lastKnownFileType = sourcecode.swift; path = AppDelegate.swift; sourceTree = "<group>"; };
		78BA0CD726D671FD00093DD8 /* SceneDelegate.swift */ = {isa = PBXFileReference; lastKnownFileType = sourcecode.swift; path = SceneDelegate.swift; sourceTree = "<group>"; };
		78BA0CD926D671FD00093DD8 /* ViewController.swift */ = {isa = PBXFileReference; lastKnownFileType = sourcecode.swift; path = ViewController.swift; sourceTree = "<group>"; };
		78BA0CDC26D671FD00093DD8 /* Base */ = {isa = PBXFileReference; lastKnownFileType = file.storyboard; name = Base; path = Base.lproj/Main.storyboard; sourceTree = "<group>"; };
		78BA0CDE26D6720000093DD8 /* Assets.xcassets */ = {isa = PBXFileReference; lastKnownFileType = folder.assetcatalog; path = Assets.xcassets; sourceTree = "<group>"; };
		78BA0CE126D6720000093DD8 /* Base */ = {isa = PBXFileReference; lastKnownFileType = file.storyboard; name = Base; path = Base.lproj/LaunchScreen.storyboard; sourceTree = "<group>"; };
		78BA0CE326D6720000093DD8 /* Info.plist */ = {isa = PBXFileReference; lastKnownFileType = text.plist.xml; path = Info.plist; sourceTree = "<group>"; };
		78CD23D9270884CB00166490 /* CoreDataManager.swift */ = {isa = PBXFileReference; lastKnownFileType = sourcecode.swift; path = CoreDataManager.swift; sourceTree = "<group>"; };
		78DB1FE926D72915001B0A5A /* Colors.xcassets */ = {isa = PBXFileReference; lastKnownFileType = folder.assetcatalog; path = Colors.xcassets; sourceTree = "<group>"; };
		78DB1FEB26D7923D001B0A5A /* SettingsViewController.swift */ = {isa = PBXFileReference; lastKnownFileType = sourcecode.swift; path = SettingsViewController.swift; sourceTree = "<group>"; };
		78DB1FED26D79255001B0A5A /* StatListViewController.swift */ = {isa = PBXFileReference; lastKnownFileType = sourcecode.swift; path = StatListViewController.swift; sourceTree = "<group>"; };
		78DB1FEF26D7954A001B0A5A /* AddFoodViewController.swift */ = {isa = PBXFileReference; lastKnownFileType = sourcecode.swift; path = AddFoodViewController.swift; sourceTree = "<group>"; };
		78DB1FF126D7956F001B0A5A /* AddSleepViewController.swift */ = {isa = PBXFileReference; lastKnownFileType = sourcecode.swift; path = AddSleepViewController.swift; sourceTree = "<group>"; };
		78DB1FF326D79617001B0A5A /* AddWorkoutViewController.swift */ = {isa = PBXFileReference; lastKnownFileType = sourcecode.swift; path = AddWorkoutViewController.swift; sourceTree = "<group>"; };
		78DB1FF526D79A0B001B0A5A /* AddWeightViewController.swift */ = {isa = PBXFileReference; lastKnownFileType = sourcecode.swift; path = AddWeightViewController.swift; sourceTree = "<group>"; };
		78DB1FF726D79A3C001B0A5A /* AddBodyMetricViewController.swift */ = {isa = PBXFileReference; lastKnownFileType = sourcecode.swift; path = AddBodyMetricViewController.swift; sourceTree = "<group>"; };
		78DB1FF926D79A50001B0A5A /* AddMoodViewController.swift */ = {isa = PBXFileReference; lastKnownFileType = sourcecode.swift; path = AddMoodViewController.swift; sourceTree = "<group>"; };
		78F0F2D326D7BAC60023B6B3 /* CheckBoxView.xib */ = {isa = PBXFileReference; lastKnownFileType = file.xib; path = CheckBoxView.xib; sourceTree = "<group>"; };
		E8C1D0C0410D5F5C6C68EBD1 /* Pods-FitStat.debug.xcconfig */ = {isa = PBXFileReference; includeInIndex = 1; lastKnownFileType = text.xcconfig; name = "Pods-FitStat.debug.xcconfig"; path = "Target Support Files/Pods-FitStat/Pods-FitStat.debug.xcconfig"; sourceTree = "<group>"; };
		F65B30C1AF665E867D4741DF /* Pods_FitStat.framework */ = {isa = PBXFileReference; explicitFileType = wrapper.framework; includeInIndex = 0; path = Pods_FitStat.framework; sourceTree = BUILT_PRODUCTS_DIR; };
/* End PBXFileReference section */

/* Begin PBXFrameworksBuildPhase section */
		78BA0CCF26D671FD00093DD8 /* Frameworks */ = {
			isa = PBXFrameworksBuildPhase;
			buildActionMask = 2147483647;
			files = (
				30198A3DE85528C0063DC26E /* Pods_FitStat.framework in Frameworks */,
			);
			runOnlyForDeploymentPostprocessing = 0;
		};
/* End PBXFrameworksBuildPhase section */

/* Begin PBXGroup section */
		4C3BFEEC46CA482638B67B21 /* Pods */ = {
			isa = PBXGroup;
			children = (
				E8C1D0C0410D5F5C6C68EBD1 /* Pods-FitStat.debug.xcconfig */,
				6C045D5143B90B9E46895CF3 /* Pods-FitStat.release.xcconfig */,
			);
			path = Pods;
			sourceTree = "<group>";
		};
		78872F0B270A0D4D007BE672 /* Custom */ = {
			isa = PBXGroup;
			children = (
				78AADAA0270A1576004DAE79 /* CheckBoxView.swift */,
				786BE22826D92D8C00A6070A /* StatListTableViewCell.swift */,
				78872F09270A0D45007BE672 /* FLineChartView.swift */,
				78AADAA2270A21D9004DAE79 /* XAxisFormatter.swift */,
			);
			path = Custom;
			sourceTree = "<group>";
		};
		78B0529A2707A68E00F95D7C /* Model */ = {
			isa = PBXGroup;
			children = (
				7894EAEA27086A7100ADEF47 /* FitStat.xcdatamodeld */,
				78B0529B2707A6A000F95D7C /* App.swift */,
				78CD23D9270884CB00166490 /* CoreDataManager.swift */,
			);
			path = Model;
			sourceTree = "<group>";
		};
		78B0529D2707AD9500F95D7C /* Service */ = {
			isa = PBXGroup;
			children = (
				78B0529E2707ADAE00F95D7C /* UsesUserDefault.swift */,
			);
			path = Service;
			sourceTree = "<group>";
		};
		78BA0CC926D671FD00093DD8 = {
			isa = PBXGroup;
			children = (
				78BA0CD426D671FD00093DD8 /* FitStat */,
				78BA0CD326D671FD00093DD8 /* Products */,
				4C3BFEEC46CA482638B67B21 /* Pods */,
				F932D305892D57E2C6788A53 /* Frameworks */,
			);
			sourceTree = "<group>";
		};
		78BA0CD326D671FD00093DD8 /* Products */ = {
			isa = PBXGroup;
			children = (
				78BA0CD226D671FD00093DD8 /* FitStat.app */,
			);
			name = Products;
			sourceTree = "<group>";
		};
		78BA0CD426D671FD00093DD8 /* FitStat */ = {
			isa = PBXGroup;
			children = (
				78872F0B270A0D4D007BE672 /* Custom */,
				78B0529D2707AD9500F95D7C /* Service */,
				78B0529A2707A68E00F95D7C /* Model */,
				78BA0CD526D671FD00093DD8 /* AppDelegate.swift */,
				78BA0CD726D671FD00093DD8 /* SceneDelegate.swift */,
				78BA0CEA26D6996200093DD8 /* Controller */,
				78BA0CE926D6994B00093DD8 /* View */,
				78BA0CDE26D6720000093DD8 /* Assets.xcassets */,
				78BA0CE326D6720000093DD8 /* Info.plist */,
				78DB1FE926D72915001B0A5A /* Colors.xcassets */,
			);
			path = FitStat;
			sourceTree = "<group>";
		};
		78BA0CE926D6994B00093DD8 /* View */ = {
			isa = PBXGroup;
			children = (
				786BE22926D92D8C00A6070A /* StatListTableViewCell.xib */,
				78F0F2D326D7BAC60023B6B3 /* CheckBoxView.xib */,
				78BA0CE026D6720000093DD8 /* LaunchScreen.storyboard */,
				78BA0CDB26D671FD00093DD8 /* Main.storyboard */,
				78986B9B270A431000377696 /* FLineChartView.xib */,
			);
			path = View;
			sourceTree = "<group>";
		};
		78BA0CEA26D6996200093DD8 /* Controller */ = {
			isa = PBXGroup;
			children = (
				78BA0CD926D671FD00093DD8 /* ViewController.swift */,
				78DB1FEB26D7923D001B0A5A /* SettingsViewController.swift */,
				78DB1FED26D79255001B0A5A /* StatListViewController.swift */,
				78DB1FEF26D7954A001B0A5A /* AddFoodViewController.swift */,
				78DB1FF126D7956F001B0A5A /* AddSleepViewController.swift */,
				78DB1FF326D79617001B0A5A /* AddWorkoutViewController.swift */,
				78DB1FF526D79A0B001B0A5A /* AddWeightViewController.swift */,
				78DB1FF726D79A3C001B0A5A /* AddBodyMetricViewController.swift */,
				78DB1FF926D79A50001B0A5A /* AddMoodViewController.swift */,
				786BE22C26D9379300A6070A /* ShowStatsViewController.swift */,
				78B0529827079EDD00F95D7C /* UserDetailsViewController.swift */,
				7894EAC5270836E400ADEF47 /* CheckUserViewController.swift */,
			);
			path = Controller;
			sourceTree = "<group>";
		};
		F932D305892D57E2C6788A53 /* Frameworks */ = {
			isa = PBXGroup;
			children = (
				F65B30C1AF665E867D4741DF /* Pods_FitStat.framework */,
			);
			name = Frameworks;
			sourceTree = "<group>";
		};
/* End PBXGroup section */

/* Begin PBXNativeTarget section */
		78BA0CD126D671FD00093DD8 /* FitStat */ = {
			isa = PBXNativeTarget;
			buildConfigurationList = 78BA0CE626D6720000093DD8 /* Build configuration list for PBXNativeTarget "FitStat" */;
			buildPhases = (
				C23349B4C6C6D3E46D3ECBE2 /* [CP] Check Pods Manifest.lock */,
				78BA0CCE26D671FD00093DD8 /* Sources */,
				78BA0CCF26D671FD00093DD8 /* Frameworks */,
				78BA0CD026D671FD00093DD8 /* Resources */,
				2D217305FDEC1E95901C0936 /* [CP] Embed Pods Frameworks */,
			);
			buildRules = (
			);
			dependencies = (
			);
			name = FitStat;
			productName = FitStat;
			productReference = 78BA0CD226D671FD00093DD8 /* FitStat.app */;
			productType = "com.apple.product-type.application";
		};
/* End PBXNativeTarget section */

/* Begin PBXProject section */
		78BA0CCA26D671FD00093DD8 /* Project object */ = {
			isa = PBXProject;
			attributes = {
				LastSwiftUpdateCheck = 1250;
				LastUpgradeCheck = 1250;
				TargetAttributes = {
					78BA0CD126D671FD00093DD8 = {
						CreatedOnToolsVersion = 12.5.1;
					};
				};
			};
			buildConfigurationList = 78BA0CCD26D671FD00093DD8 /* Build configuration list for PBXProject "FitStat" */;
			compatibilityVersion = "Xcode 9.3";
			developmentRegion = en;
			hasScannedForEncodings = 0;
			knownRegions = (
				en,
				Base,
			);
			mainGroup = 78BA0CC926D671FD00093DD8;
			productRefGroup = 78BA0CD326D671FD00093DD8 /* Products */;
			projectDirPath = "";
			projectRoot = "";
			targets = (
				78BA0CD126D671FD00093DD8 /* FitStat */,
			);
		};
/* End PBXProject section */

/* Begin PBXResourcesBuildPhase section */
		78BA0CD026D671FD00093DD8 /* Resources */ = {
			isa = PBXResourcesBuildPhase;
			buildActionMask = 2147483647;
			files = (
				78BA0CE226D6720000093DD8 /* LaunchScreen.storyboard in Resources */,
				78DB1FEA26D72916001B0A5A /* Colors.xcassets in Resources */,
				78BA0CDF26D6720000093DD8 /* Assets.xcassets in Resources */,
				786BE22B26D92D8C00A6070A /* StatListTableViewCell.xib in Resources */,
				78F0F2D426D7BAC60023B6B3 /* CheckBoxView.xib in Resources */,
				78986B9C270A431000377696 /* FLineChartView.xib in Resources */,
				78BA0CDD26D671FD00093DD8 /* Main.storyboard in Resources */,
			);
			runOnlyForDeploymentPostprocessing = 0;
		};
/* End PBXResourcesBuildPhase section */

/* Begin PBXShellScriptBuildPhase section */
		2D217305FDEC1E95901C0936 /* [CP] Embed Pods Frameworks */ = {
			isa = PBXShellScriptBuildPhase;
			buildActionMask = 2147483647;
			files = (
			);
			inputFileListPaths = (
				"${PODS_ROOT}/Target Support Files/Pods-FitStat/Pods-FitStat-frameworks-${CONFIGURATION}-input-files.xcfilelist",
			);
			name = "[CP] Embed Pods Frameworks";
			outputFileListPaths = (
				"${PODS_ROOT}/Target Support Files/Pods-FitStat/Pods-FitStat-frameworks-${CONFIGURATION}-output-files.xcfilelist",
			);
			runOnlyForDeploymentPostprocessing = 0;
			shellPath = /bin/sh;
			shellScript = "\"${PODS_ROOT}/Target Support Files/Pods-FitStat/Pods-FitStat-frameworks.sh\"\n";
			showEnvVarsInLog = 0;
		};
		C23349B4C6C6D3E46D3ECBE2 /* [CP] Check Pods Manifest.lock */ = {
			isa = PBXShellScriptBuildPhase;
			buildActionMask = 2147483647;
			files = (
			);
			inputFileListPaths = (
			);
			inputPaths = (
				"${PODS_PODFILE_DIR_PATH}/Podfile.lock",
				"${PODS_ROOT}/Manifest.lock",
			);
			name = "[CP] Check Pods Manifest.lock";
			outputFileListPaths = (
			);
			outputPaths = (
				"$(DERIVED_FILE_DIR)/Pods-FitStat-checkManifestLockResult.txt",
			);
			runOnlyForDeploymentPostprocessing = 0;
			shellPath = /bin/sh;
			shellScript = "diff \"${PODS_PODFILE_DIR_PATH}/Podfile.lock\" \"${PODS_ROOT}/Manifest.lock\" > /dev/null\nif [ $? != 0 ] ; then\n    # print error to STDERR\n    echo \"error: The sandbox is not in sync with the Podfile.lock. Run 'pod install' or update your CocoaPods installation.\" >&2\n    exit 1\nfi\n# This output is used by Xcode 'outputs' to avoid re-running this script phase.\necho \"SUCCESS\" > \"${SCRIPT_OUTPUT_FILE_0}\"\n";
			showEnvVarsInLog = 0;
		};
/* End PBXShellScriptBuildPhase section */

/* Begin PBXSourcesBuildPhase section */
		78BA0CCE26D671FD00093DD8 /* Sources */ = {
			isa = PBXSourcesBuildPhase;
			buildActionMask = 2147483647;
			files = (
				78DB1FF826D79A3C001B0A5A /* AddBodyMetricViewController.swift in Sources */,
				7894EAEC27086A7100ADEF47 /* FitStat.xcdatamodeld in Sources */,
				786BE22D26D9379300A6070A /* ShowStatsViewController.swift in Sources */,
				78BA0CDA26D671FD00093DD8 /* ViewController.swift in Sources */,
				78DB1FF226D7956F001B0A5A /* AddSleepViewController.swift in Sources */,
				78BA0CD626D671FD00093DD8 /* AppDelegate.swift in Sources */,
				78B0529C2707A6A000F95D7C /* App.swift in Sources */,
				78AADAA1270A1576004DAE79 /* CheckBoxView.swift in Sources */,
				78B0529927079EDD00F95D7C /* UserDetailsViewController.swift in Sources */,
				78DB1FEE26D79255001B0A5A /* StatListViewController.swift in Sources */,
				78DB1FF426D79617001B0A5A /* AddWorkoutViewController.swift in Sources */,
				78DB1FF626D79A0B001B0A5A /* AddWeightViewController.swift in Sources */,
				786BE22A26D92D8C00A6070A /* StatListTableViewCell.swift in Sources */,
				78B0529F2707ADAE00F95D7C /* UsesUserDefault.swift in Sources */,
				78AADAA3270A21D9004DAE79 /* XAxisFormatter.swift in Sources */,
				78BA0CD826D671FD00093DD8 /* SceneDelegate.swift in Sources */,
				7894EAC6270836E400ADEF47 /* CheckUserViewController.swift in Sources */,
				78DB1FFA26D79A50001B0A5A /* AddMoodViewController.swift in Sources */,
				78872F0A270A0D45007BE672 /* FLineChartView.swift in Sources */,
				78DB1FF026D7954A001B0A5A /* AddFoodViewController.swift in Sources */,
				78CD23DA270884CB00166490 /* CoreDataManager.swift in Sources */,
				78DB1FEC26D7923D001B0A5A /* SettingsViewController.swift in Sources */,
			);
			runOnlyForDeploymentPostprocessing = 0;
		};
/* End PBXSourcesBuildPhase section */

/* Begin PBXVariantGroup section */
		78BA0CDB26D671FD00093DD8 /* Main.storyboard */ = {
			isa = PBXVariantGroup;
			children = (
				78BA0CDC26D671FD00093DD8 /* Base */,
			);
			name = Main.storyboard;
			sourceTree = "<group>";
		};
		78BA0CE026D6720000093DD8 /* LaunchScreen.storyboard */ = {
			isa = PBXVariantGroup;
			children = (
				78BA0CE126D6720000093DD8 /* Base */,
			);
			name = LaunchScreen.storyboard;
			sourceTree = "<group>";
		};
/* End PBXVariantGroup section */

/* Begin XCBuildConfiguration section */
		78BA0CE426D6720000093DD8 /* Debug */ = {
			isa = XCBuildConfiguration;
			buildSettings = {
				ALWAYS_SEARCH_USER_PATHS = NO;
				CLANG_ANALYZER_NONNULL = YES;
				CLANG_ANALYZER_NUMBER_OBJECT_CONVERSION = YES_AGGRESSIVE;
				CLANG_CXX_LANGUAGE_STANDARD = "gnu++14";
				CLANG_CXX_LIBRARY = "libc++";
				CLANG_ENABLE_MODULES = YES;
				CLANG_ENABLE_OBJC_ARC = YES;
				CLANG_ENABLE_OBJC_WEAK = YES;
				CLANG_WARN_BLOCK_CAPTURE_AUTORELEASING = YES;
				CLANG_WARN_BOOL_CONVERSION = YES;
				CLANG_WARN_COMMA = YES;
				CLANG_WARN_CONSTANT_CONVERSION = YES;
				CLANG_WARN_DEPRECATED_OBJC_IMPLEMENTATIONS = YES;
				CLANG_WARN_DIRECT_OBJC_ISA_USAGE = YES_ERROR;
				CLANG_WARN_DOCUMENTATION_COMMENTS = YES;
				CLANG_WARN_EMPTY_BODY = YES;
				CLANG_WARN_ENUM_CONVERSION = YES;
				CLANG_WARN_INFINITE_RECURSION = YES;
				CLANG_WARN_INT_CONVERSION = YES;
				CLANG_WARN_NON_LITERAL_NULL_CONVERSION = YES;
				CLANG_WARN_OBJC_IMPLICIT_RETAIN_SELF = YES;
				CLANG_WARN_OBJC_LITERAL_CONVERSION = YES;
				CLANG_WARN_OBJC_ROOT_CLASS = YES_ERROR;
				CLANG_WARN_QUOTED_INCLUDE_IN_FRAMEWORK_HEADER = YES;
				CLANG_WARN_RANGE_LOOP_ANALYSIS = YES;
				CLANG_WARN_STRICT_PROTOTYPES = YES;
				CLANG_WARN_SUSPICIOUS_MOVE = YES;
				CLANG_WARN_UNGUARDED_AVAILABILITY = YES_AGGRESSIVE;
				CLANG_WARN_UNREACHABLE_CODE = YES;
				CLANG_WARN__DUPLICATE_METHOD_MATCH = YES;
				COPY_PHASE_STRIP = NO;
				DEBUG_INFORMATION_FORMAT = dwarf;
				ENABLE_STRICT_OBJC_MSGSEND = YES;
				ENABLE_TESTABILITY = YES;
				GCC_C_LANGUAGE_STANDARD = gnu11;
				GCC_DYNAMIC_NO_PIC = NO;
				GCC_NO_COMMON_BLOCKS = YES;
				GCC_OPTIMIZATION_LEVEL = 0;
				GCC_PREPROCESSOR_DEFINITIONS = (
					"DEBUG=1",
					"$(inherited)",
				);
				GCC_WARN_64_TO_32_BIT_CONVERSION = YES;
				GCC_WARN_ABOUT_RETURN_TYPE = YES_ERROR;
				GCC_WARN_UNDECLARED_SELECTOR = YES;
				GCC_WARN_UNINITIALIZED_AUTOS = YES_AGGRESSIVE;
				GCC_WARN_UNUSED_FUNCTION = YES;
				GCC_WARN_UNUSED_VARIABLE = YES;
				IPHONEOS_DEPLOYMENT_TARGET = 14.5;
				MTL_ENABLE_DEBUG_INFO = INCLUDE_SOURCE;
				MTL_FAST_MATH = YES;
				ONLY_ACTIVE_ARCH = YES;
				SDKROOT = iphoneos;
				SWIFT_ACTIVE_COMPILATION_CONDITIONS = DEBUG;
				SWIFT_OPTIMIZATION_LEVEL = "-Onone";
			};
			name = Debug;
		};
		78BA0CE526D6720000093DD8 /* Release */ = {
			isa = XCBuildConfiguration;
			buildSettings = {
				ALWAYS_SEARCH_USER_PATHS = NO;
				CLANG_ANALYZER_NONNULL = YES;
				CLANG_ANALYZER_NUMBER_OBJECT_CONVERSION = YES_AGGRESSIVE;
				CLANG_CXX_LANGUAGE_STANDARD = "gnu++14";
				CLANG_CXX_LIBRARY = "libc++";
				CLANG_ENABLE_MODULES = YES;
				CLANG_ENABLE_OBJC_ARC = YES;
				CLANG_ENABLE_OBJC_WEAK = YES;
				CLANG_WARN_BLOCK_CAPTURE_AUTORELEASING = YES;
				CLANG_WARN_BOOL_CONVERSION = YES;
				CLANG_WARN_COMMA = YES;
				CLANG_WARN_CONSTANT_CONVERSION = YES;
				CLANG_WARN_DEPRECATED_OBJC_IMPLEMENTATIONS = YES;
				CLANG_WARN_DIRECT_OBJC_ISA_USAGE = YES_ERROR;
				CLANG_WARN_DOCUMENTATION_COMMENTS = YES;
				CLANG_WARN_EMPTY_BODY = YES;
				CLANG_WARN_ENUM_CONVERSION = YES;
				CLANG_WARN_INFINITE_RECURSION = YES;
				CLANG_WARN_INT_CONVERSION = YES;
				CLANG_WARN_NON_LITERAL_NULL_CONVERSION = YES;
				CLANG_WARN_OBJC_IMPLICIT_RETAIN_SELF = YES;
				CLANG_WARN_OBJC_LITERAL_CONVERSION = YES;
				CLANG_WARN_OBJC_ROOT_CLASS = YES_ERROR;
				CLANG_WARN_QUOTED_INCLUDE_IN_FRAMEWORK_HEADER = YES;
				CLANG_WARN_RANGE_LOOP_ANALYSIS = YES;
				CLANG_WARN_STRICT_PROTOTYPES = YES;
				CLANG_WARN_SUSPICIOUS_MOVE = YES;
				CLANG_WARN_UNGUARDED_AVAILABILITY = YES_AGGRESSIVE;
				CLANG_WARN_UNREACHABLE_CODE = YES;
				CLANG_WARN__DUPLICATE_METHOD_MATCH = YES;
				COPY_PHASE_STRIP = NO;
				DEBUG_INFORMATION_FORMAT = "dwarf-with-dsym";
				ENABLE_NS_ASSERTIONS = NO;
				ENABLE_STRICT_OBJC_MSGSEND = YES;
				GCC_C_LANGUAGE_STANDARD = gnu11;
				GCC_NO_COMMON_BLOCKS = YES;
				GCC_WARN_64_TO_32_BIT_CONVERSION = YES;
				GCC_WARN_ABOUT_RETURN_TYPE = YES_ERROR;
				GCC_WARN_UNDECLARED_SELECTOR = YES;
				GCC_WARN_UNINITIALIZED_AUTOS = YES_AGGRESSIVE;
				GCC_WARN_UNUSED_FUNCTION = YES;
				GCC_WARN_UNUSED_VARIABLE = YES;
				IPHONEOS_DEPLOYMENT_TARGET = 14.5;
				MTL_ENABLE_DEBUG_INFO = NO;
				MTL_FAST_MATH = YES;
				SDKROOT = iphoneos;
				SWIFT_COMPILATION_MODE = wholemodule;
				SWIFT_OPTIMIZATION_LEVEL = "-O";
				VALIDATE_PRODUCT = YES;
			};
			name = Release;
		};
		78BA0CE726D6720000093DD8 /* Debug */ = {
			isa = XCBuildConfiguration;
			baseConfigurationReference = E8C1D0C0410D5F5C6C68EBD1 /* Pods-FitStat.debug.xcconfig */;
			buildSettings = {
				ASSETCATALOG_COMPILER_APPICON_NAME = AppIcon;
				ASSETCATALOG_COMPILER_GLOBAL_ACCENT_COLOR_NAME = AccentColor;
				CODE_SIGN_STYLE = Automatic;
				DEVELOPMENT_TEAM = LERH2UNHBY;
				INFOPLIST_FILE = FitStat/Info.plist;
				LD_RUNPATH_SEARCH_PATHS = (
					"$(inherited)",
					"@executable_path/Frameworks",
				);
				PRODUCT_BUNDLE_IDENTIFIER = com.lyndachiwetelu.FitStat;
				PRODUCT_NAME = "$(TARGET_NAME)";
				SWIFT_VERSION = 5.0;
				TARGETED_DEVICE_FAMILY = "1,2";
			};
			name = Debug;
		};
		78BA0CE826D6720000093DD8 /* Release */ = {
			isa = XCBuildConfiguration;
			baseConfigurationReference = 6C045D5143B90B9E46895CF3 /* Pods-FitStat.release.xcconfig */;
			buildSettings = {
				ASSETCATALOG_COMPILER_APPICON_NAME = AppIcon;
				ASSETCATALOG_COMPILER_GLOBAL_ACCENT_COLOR_NAME = AccentColor;
				CODE_SIGN_STYLE = Automatic;
				DEVELOPMENT_TEAM = LERH2UNHBY;
				INFOPLIST_FILE = FitStat/Info.plist;
				LD_RUNPATH_SEARCH_PATHS = (
					"$(inherited)",
					"@executable_path/Frameworks",
				);
				PRODUCT_BUNDLE_IDENTIFIER = com.lyndachiwetelu.FitStat;
				PRODUCT_NAME = "$(TARGET_NAME)";
				SWIFT_VERSION = 5.0;
				TARGETED_DEVICE_FAMILY = "1,2";
			};
			name = Release;
		};
/* End XCBuildConfiguration section */

/* Begin XCConfigurationList section */
		78BA0CCD26D671FD00093DD8 /* Build configuration list for PBXProject "FitStat" */ = {
			isa = XCConfigurationList;
			buildConfigurations = (
				78BA0CE426D6720000093DD8 /* Debug */,
				78BA0CE526D6720000093DD8 /* Release */,
			);
			defaultConfigurationIsVisible = 0;
			defaultConfigurationName = Release;
		};
		78BA0CE626D6720000093DD8 /* Build configuration list for PBXNativeTarget "FitStat" */ = {
			isa = XCConfigurationList;
			buildConfigurations = (
				78BA0CE726D6720000093DD8 /* Debug */,
				78BA0CE826D6720000093DD8 /* Release */,
			);
			defaultConfigurationIsVisible = 0;
			defaultConfigurationName = Release;
		};
/* End XCConfigurationList section */

/* Begin XCVersionGroup section */
		7894EAEA27086A7100ADEF47 /* FitStat.xcdatamodeld */ = {
			isa = XCVersionGroup;
			children = (
				7894EAEB27086A7100ADEF47 /* FitStat.xcdatamodel */,
			);
			currentVersion = 7894EAEB27086A7100ADEF47 /* FitStat.xcdatamodel */;
			path = FitStat.xcdatamodeld;
			sourceTree = "<group>";
			versionGroupType = wrapper.xcdatamodel;
		};
/* End XCVersionGroup section */
	};
	rootObject = 78BA0CCA26D671FD00093DD8 /* Project object */;
}
